
Microsoft Visual Studio Solution File, Format Version 12.00
# Visual Studio Version 17
VisualStudioVersion = 17.11.35312.102
MinimumVisualStudioVersion = 10.0.40219.1
Project("{FAE04EC0-301F-11D3-BF4B-00C04F79EFBC}") = "calculaterapp", "calculaterapp\calculaterapp.csproj", "{E359EE36-1705-43A4-B5D1-F7533F178209}"
EndProject
Global
	GlobalSection(SolutionConfigurationPlatforms) = preSolution
		Debug|Any CPU = Debug|Any CPU
		Release|Any CPU = Release|Any CPU
	EndGlobalSection
	GlobalSection(ProjectConfigurationPlatforms) = postSolution
		{E359EE36-1705-43A4-B5D1-F7533F178209}.Debug|Any CPU.ActiveCfg = Debug|Any CPU
		{E359EE36-1705-43A4-B5D1-F7533F178209}.Debug|Any CPU.Build.0 = Debug|Any CPU
		{E359EE36-1705-43A4-B5D1-F7533F178209}.Release|Any CPU.ActiveCfg = Release|Any CPU
		{E359EE36-1705-43A4-B5D1-F7533F178209}.Release|Any CPU.Build.0 = Release|Any CPU
	EndGlobalSection
	GlobalSection(SolutionProperties) = preSolution
		HideSolutionNode = FALSE
	EndGlobalSection
	GlobalSection(ExtensibilityGlobals) = postSolution
		SolutionGuid = {38451C22-E8DA-4385-8D8B-009A4FF22D46}
	EndGlobalSection
EndGlobal
